# generated by rye
# use `rye lock` or `rye sync` to update this lockfile
#
# last locked with the following flags:
#   pre: false
#   features: []
#   all-features: false
#   with-sources: false

-e file:.
asttokens==2.4.1
    # via stack-data
attrs==23.1.0
    # via outcome
    # via trio
certifi==2023.11.17
    # via selenium
cffi==1.16.0
    # via trio
chromedriver-binary-auto==0.3.1
    # via chromedriver-binary-sync
chromedriver-binary-sync==0.2.2
    # via vrctwitterimageloader
colorama==0.4.6
    # via ipython
comm==0.2.0
    # via ipykernel
debugpy==1.8.0
    # via ipykernel
decorator==5.1.1
    # via ipython
executing==2.0.1
    # via stack-data
h11==0.14.0
    # via wsproto
idna==3.5
    # via trio
ipykernel==6.29.4
ipython==8.18.0
    # via ipykernel
jedi==0.19.1
    # via ipython
jupyter-client==8.6.0
    # via ipykernel
jupyter-core==5.5.0
    # via ipykernel
    # via jupyter-client
matplotlib-inline==0.1.6
    # via ipykernel
    # via ipython
nest-asyncio==1.5.8
    # via ipykernel
numpy==1.26.4
    # via pandas
outcome==1.3.0.post0
    # via trio
packaging==23.2
    # via ipykernel
pandas==2.2.2
    # via vrctwitterimageloader
parso==0.8.3
    # via jedi
pillow==10.1.0
    # via vrctwitterimageloader
platformdirs==4.0.0
    # via jupyter-core
prompt-toolkit==3.0.41
    # via ipython
psutil==5.9.6
    # via ipykernel
pure-eval==0.2.2
    # via stack-data
pycparser==2.21
    # via cffi
pygments==2.17.2
    # via ipython
pysocks==1.7.1
    # via urllib3
python-dateutil==2.8.2
    # via jupyter-client
    # via pandas
pytz==2024.1
    # via pandas
pywin32==306
    # via jupyter-core
pyzmq==25.1.1
    # via ipykernel
    # via jupyter-client
ruff==0.3.7
selenium==4.15.2
    # via vrctwitterimageloader
six==1.16.0
    # via asttokens
    # via python-dateutil
sniffio==1.3.0
    # via trio
sortedcontainers==2.4.0
    # via trio
stack-data==0.6.3
    # via ipython
tornado==6.3.3
    # via ipykernel
    # via jupyter-client
traitlets==5.13.0
    # via comm
    # via ipykernel
    # via ipython
    # via jupyter-client
    # via jupyter-core
    # via matplotlib-inline
trio==0.23.1
    # via selenium
    # via trio-websocket
trio-websocket==0.11.1
    # via selenium
tzdata==2024.1
    # via pandas
urllib3==2.1.0
    # via selenium
    # via urllib3
wcwidth==0.2.12
    # via prompt-toolkit
wsproto==1.2.0
    # via trio-websocket
